{
  "name": "@warren-bank/dns-server",
  "version": "1.0.0",
  "lockfileVersion": 2,
  "requires": true,
  "packages": {
    "": {
      "name": "@warren-bank/dns-server",
      "version": "1.0.0",
      "license": "GPL-2.0",
      "dependencies": {
        "@warren-bank/node-process-argv": "^1.2.1",
        "dns2": "^2.1.0"
      },
      "bin": {
        "dns-server": "bin/dns-server.js"
      }
    },
    "node_modules/@warren-bank/node-process-argv": {
      "version": "1.2.1",
      "resolved": "https://registry.npmjs.org/@warren-bank/node-process-argv/-/node-process-argv-1.2.1.tgz",
      "integrity": "sha512-QvdN+2kCJdYvZF5GDu822MJJtOGWw5Lq6wrzspHCU4KgRRniqSpRSX2BRMw9BIbFJ1/TdBWEpNjjpGSdh+FsyQ=="
    },
    "node_modules/dns2": {
      "version": "2.1.0",
      "resolved": "https://registry.npmjs.org/dns2/-/dns2-2.1.0.tgz",
      "integrity": "sha512-m27K11aQalRbmUs7RLaz6aPyceLjAoqjPRNTdE7qUouQpl+PC8Bi67O+i9SuJUPbQC8dxFrczAxfmTPuTKHNkw=="
    }
  },
  "dependencies": {
    "@warren-bank/node-process-argv": {
      "version": "1.2.1",
      "resolved": "https://registry.npmjs.org/@warren-bank/node-process-argv/-/node-process-argv-1.2.1.tgz",
      "integrity": "sha512-QvdN+2kCJdYvZF5GDu822MJJtOGWw5Lq6wrzspHCU4KgRRniqSpRSX2BRMw9BIbFJ1/TdBWEpNjjpGSdh+FsyQ=="
    },
    "dns2": {
      "version": "2.1.0",
      "resolved": "https://registry.npmjs.org/dns2/-/dns2-2.1.0.tgz",
      "integrity": "sha512-m27K11aQalRbmUs7RLaz6aPyceLjAoqjPRNTdE7qUouQpl+PC8Bi67O+i9SuJUPbQC8dxFrczAxfmTPuTKHNkw=="
    }
  }
}
